
Microsoft Visual Studio Solution File, Format Version 12.00
# Visual Studio Version 17
VisualStudioVersion = 17.14.36908.2
MinimumVisualStudioVersion = 10.0.40219.1
Project("{FAE04EC0-301F-11D3-BF4B-00C04F79EFBC}") = "GuildQuestsAPI", "GuildQuestsAPI.csproj", "{3319696F-33F8-47FF-A163-72643E62B823}"
EndProject
Project("{FAE04EC0-301F-11D3-BF4B-00C04F79EFBC}") = "DAL", "..\DAL\DAL.csproj", "{A3879473-CB29-413D-AC4C-F3800084EC10}"
EndProject
Project("{FAE04EC0-301F-11D3-BF4B-00C04F79EFBC}") = "BLL", "..\BLL\BLL.csproj", "{6C1C1290-339B-4E1C-B05D-F94583309D0E}"
EndProject
Global
	GlobalSection(SolutionConfigurationPlatforms) = preSolution
		Debug|Any CPU = Debug|Any CPU
		Release|Any CPU = Release|Any CPU
	EndGlobalSection
	GlobalSection(ProjectConfigurationPlatforms) = postSolution
		{3319696F-33F8-47FF-A163-72643E62B823}.Debug|Any CPU.ActiveCfg = Debug|Any CPU
		{3319696F-33F8-47FF-A163-72643E62B823}.Debug|Any CPU.Build.0 = Debug|Any CPU
		{3319696F-33F8-47FF-A163-72643E62B823}.Release|Any CPU.ActiveCfg = Release|Any CPU
		{3319696F-33F8-47FF-A163-72643E62B823}.Release|Any CPU.Build.0 = Release|Any CPU
		{A3879473-CB29-413D-AC4C-F3800084EC10}.Debug|Any CPU.ActiveCfg = Debug|Any CPU
		{A3879473-CB29-413D-AC4C-F3800084EC10}.Debug|Any CPU.Build.0 = Debug|Any CPU
		{A3879473-CB29-413D-AC4C-F3800084EC10}.Release|Any CPU.ActiveCfg = Release|Any CPU
		{A3879473-CB29-413D-AC4C-F3800084EC10}.Release|Any CPU.Build.0 = Release|Any CPU
		{6C1C1290-339B-4E1C-B05D-F94583309D0E}.Debug|Any CPU.ActiveCfg = Debug|Any CPU
		{6C1C1290-339B-4E1C-B05D-F94583309D0E}.Debug|Any CPU.Build.0 = Debug|Any CPU
		{6C1C1290-339B-4E1C-B05D-F94583309D0E}.Release|Any CPU.ActiveCfg = Release|Any CPU
		{6C1C1290-339B-4E1C-B05D-F94583309D0E}.Release|Any CPU.Build.0 = Release|Any CPU
	EndGlobalSection
	GlobalSection(SolutionProperties) = preSolution
		HideSolutionNode = FALSE
	EndGlobalSection
	GlobalSection(ExtensibilityGlobals) = postSolution
		SolutionGuid = {250C2F5B-9A6C-4ED9-A423-9826867584D6}
	EndGlobalSection
EndGlobal
